
Microsoft Visual Studio Solution File, Format Version 12.00
# Visual Studio Version 16
VisualStudioVersion = 16.0.31624.102
MinimumVisualStudioVersion = 10.0.40219.1
Project("{FAE04EC0-301F-11D3-BF4B-00C04F79EFBC}") = "StarfieldPlus.OpenGL", "StarfieldPlus.OpenGL\StarfieldPlus.OpenGL.csproj", "{CAD2F59A-338B-4012-ACDB-BD748DB52089}"
EndProject
Global
	GlobalSection(SolutionConfigurationPlatforms) = preSolution
		Debug|Any CPU = Debug|Any CPU
		Release|Any CPU = Release|Any CPU
	EndGlobalSection
	GlobalSection(ProjectConfigurationPlatforms) = postSolution
		{CAD2F59A-338B-4012-ACDB-BD748DB52089}.Debug|Any CPU.ActiveCfg = Debug|Any CPU
		{CAD2F59A-338B-4012-ACDB-BD748DB52089}.Debug|Any CPU.Build.0 = Debug|Any CPU
		{CAD2F59A-338B-4012-ACDB-BD748DB52089}.Release|Any CPU.ActiveCfg = Release|Any CPU
		{CAD2F59A-338B-4012-ACDB-BD748DB52089}.Release|Any CPU.Build.0 = Release|Any CPU
	EndGlobalSection
	GlobalSection(SolutionProperties) = preSolution
		HideSolutionNode = FALSE
	EndGlobalSection
	GlobalSection(ExtensibilityGlobals) = postSolution
		SolutionGuid = {516BB09B-9AB7-445A-A182-514FDA4FCFC0}
	EndGlobalSection
EndGlobal
